
Microsoft Visual Studio Solution File, Format Version 12.00
# Visual Studio Version 17
VisualStudioVersion = 17.9.34728.123
MinimumVisualStudioVersion = 10.0.40219.1
Project("{9A19103F-16F7-4668-BE54-9A1E7A4F7556}") = "Pigeon.Messaging", "src\Pigeon.Messaging\Pigeon.Messaging.csproj", "{1DEAB35F-07FA-40A0-83BA-01527DF27080}"
EndProject
Project("{2150E333-8FDC-42A3-9474-1A3956D46DE8}") = "src", "src", "{6711B2C7-0746-4A45-8E61-BA235480C06A}"
EndProject
Project("{2150E333-8FDC-42A3-9474-1A3956D46DE8}") = "tests", "tests", "{E888E2D4-A105-4B19-8A53-86DFDA724740}"
EndProject
Project("{9A19103F-16F7-4668-BE54-9A1E7A4F7556}") = "Pigeon.Messaging.Tests", "tests\Pigeon.Messaging.Tests\Pigeon.Messaging.Tests.csproj", "{51F19562-46AD-49A0-83DE-1604D789A9C7}"
EndProject
Project("{2150E333-8FDC-42A3-9474-1A3956D46DE8}") = "Solution Items", "Solution Items", "{6E21585C-62F9-49D6-91CA-CFDA7A856FEB}"
	ProjectSection(SolutionItems) = preProject
		Directory.Build.props = Directory.Build.props
		Directory.Build.targets = Directory.Build.targets
	EndProjectSection
EndProject
Project("{FAE04EC0-301F-11D3-BF4B-00C04F79EFBC}") = "Pigeon.Messaging.Rabbit", "src\Pigeon.Messaging.Rabbit\Pigeon.Messaging.Rabbit.csproj", "{B548D2AB-9C88-483D-9687-E340405302B7}"
EndProject
Project("{FAE04EC0-301F-11D3-BF4B-00C04F79EFBC}") = "Pigeon.Messaging.RabbitMq.Tests", "tests\Pigeon.Messaging.RabbitMq.Tests\Pigeon.Messaging.RabbitMq.Tests.csproj", "{FDA27E8D-AD28-43BA-95FF-C4AF88886774}"
EndProject
Project("{FAE04EC0-301F-11D3-BF4B-00C04F79EFBC}") = "Pigeon.Messaging.Kafka", "src\Pigeon.Messaging.Kafka\Pigeon.Messaging.Kafka.csproj", "{30605361-59F2-4A47-ACB1-6878DE6DBE64}"
EndProject
Project("{FAE04EC0-301F-11D3-BF4B-00C04F79EFBC}") = "Pigeon.Messaging.Kafka.Tests", "tests\Pigeon.Messaging.Kafka.Tests\Pigeon.Messaging.Kafka.Tests.csproj", "{3460E2CA-29A6-45C0-BA55-26B8F5FF7298}"
EndProject
Project("{FAE04EC0-301F-11D3-BF4B-00C04F79EFBC}") = "Pigeon.Messaging.Azure.ServiceBus", "src\Pigeon.Messaging.Azure.ServiceBus\Pigeon.Messaging.Azure.ServiceBus.csproj", "{7B891139-1181-40AD-9DDB-5A6CB77C66F2}"
EndProject
Project("{FAE04EC0-301F-11D3-BF4B-00C04F79EFBC}") = "Pigeon.Messaging.Azure.ServiceBus.Tests", "tests\Pigeon.Messaging.Azure.ServiceBus.Tests\Pigeon.Messaging.Azure.ServiceBus.Tests.csproj", "{3888D8D5-5F58-42A3-8616-FD13E01210EB}"
EndProject
Global
	GlobalSection(SolutionConfigurationPlatforms) = preSolution
		Debug|Any CPU = Debug|Any CPU
		Release|Any CPU = Release|Any CPU
	EndGlobalSection
	GlobalSection(ProjectConfigurationPlatforms) = postSolution
		{1DEAB35F-07FA-40A0-83BA-01527DF27080}.Debug|Any CPU.ActiveCfg = Debug|Any CPU
		{1DEAB35F-07FA-40A0-83BA-01527DF27080}.Debug|Any CPU.Build.0 = Debug|Any CPU
		{1DEAB35F-07FA-40A0-83BA-01527DF27080}.Release|Any CPU.ActiveCfg = Release|Any CPU
		{1DEAB35F-07FA-40A0-83BA-01527DF27080}.Release|Any CPU.Build.0 = Release|Any CPU
		{51F19562-46AD-49A0-83DE-1604D789A9C7}.Debug|Any CPU.ActiveCfg = Debug|Any CPU
		{51F19562-46AD-49A0-83DE-1604D789A9C7}.Debug|Any CPU.Build.0 = Debug|Any CPU
		{51F19562-46AD-49A0-83DE-1604D789A9C7}.Release|Any CPU.ActiveCfg = Release|Any CPU
		{51F19562-46AD-49A0-83DE-1604D789A9C7}.Release|Any CPU.Build.0 = Release|Any CPU
		{B548D2AB-9C88-483D-9687-E340405302B7}.Debug|Any CPU.ActiveCfg = Debug|Any CPU
		{B548D2AB-9C88-483D-9687-E340405302B7}.Debug|Any CPU.Build.0 = Debug|Any CPU
		{B548D2AB-9C88-483D-9687-E340405302B7}.Release|Any CPU.ActiveCfg = Release|Any CPU
		{B548D2AB-9C88-483D-9687-E340405302B7}.Release|Any CPU.Build.0 = Release|Any CPU
		{FDA27E8D-AD28-43BA-95FF-C4AF88886774}.Debug|Any CPU.ActiveCfg = Debug|Any CPU
		{FDA27E8D-AD28-43BA-95FF-C4AF88886774}.Debug|Any CPU.Build.0 = Debug|Any CPU
		{FDA27E8D-AD28-43BA-95FF-C4AF88886774}.Release|Any CPU.ActiveCfg = Release|Any CPU
		{FDA27E8D-AD28-43BA-95FF-C4AF88886774}.Release|Any CPU.Build.0 = Release|Any CPU
		{30605361-59F2-4A47-ACB1-6878DE6DBE64}.Debug|Any CPU.ActiveCfg = Debug|Any CPU
		{30605361-59F2-4A47-ACB1-6878DE6DBE64}.Debug|Any CPU.Build.0 = Debug|Any CPU
		{30605361-59F2-4A47-ACB1-6878DE6DBE64}.Release|Any CPU.ActiveCfg = Release|Any CPU
		{30605361-59F2-4A47-ACB1-6878DE6DBE64}.Release|Any CPU.Build.0 = Release|Any CPU
		{3460E2CA-29A6-45C0-BA55-26B8F5FF7298}.Debug|Any CPU.ActiveCfg = Debug|Any CPU
		{3460E2CA-29A6-45C0-BA55-26B8F5FF7298}.Debug|Any CPU.Build.0 = Debug|Any CPU
		{3460E2CA-29A6-45C0-BA55-26B8F5FF7298}.Release|Any CPU.ActiveCfg = Release|Any CPU
		{3460E2CA-29A6-45C0-BA55-26B8F5FF7298}.Release|Any CPU.Build.0 = Release|Any CPU
		{7B891139-1181-40AD-9DDB-5A6CB77C66F2}.Debug|Any CPU.ActiveCfg = Debug|Any CPU
		{7B891139-1181-40AD-9DDB-5A6CB77C66F2}.Debug|Any CPU.Build.0 = Debug|Any CPU
		{7B891139-1181-40AD-9DDB-5A6CB77C66F2}.Release|Any CPU.ActiveCfg = Release|Any CPU
		{7B891139-1181-40AD-9DDB-5A6CB77C66F2}.Release|Any CPU.Build.0 = Release|Any CPU
		{3888D8D5-5F58-42A3-8616-FD13E01210EB}.Debug|Any CPU.ActiveCfg = Debug|Any CPU
		{3888D8D5-5F58-42A3-8616-FD13E01210EB}.Debug|Any CPU.Build.0 = Debug|Any CPU
		{3888D8D5-5F58-42A3-8616-FD13E01210EB}.Release|Any CPU.ActiveCfg = Release|Any CPU
		{3888D8D5-5F58-42A3-8616-FD13E01210EB}.Release|Any CPU.Build.0 = Release|Any CPU
	EndGlobalSection
	GlobalSection(SolutionProperties) = preSolution
		HideSolutionNode = FALSE
	EndGlobalSection
	GlobalSection(NestedProjects) = preSolution
		{1DEAB35F-07FA-40A0-83BA-01527DF27080} = {6711B2C7-0746-4A45-8E61-BA235480C06A}
		{51F19562-46AD-49A0-83DE-1604D789A9C7} = {E888E2D4-A105-4B19-8A53-86DFDA724740}
		{B548D2AB-9C88-483D-9687-E340405302B7} = {6711B2C7-0746-4A45-8E61-BA235480C06A}
		{FDA27E8D-AD28-43BA-95FF-C4AF88886774} = {E888E2D4-A105-4B19-8A53-86DFDA724740}
		{30605361-59F2-4A47-ACB1-6878DE6DBE64} = {6711B2C7-0746-4A45-8E61-BA235480C06A}
		{3460E2CA-29A6-45C0-BA55-26B8F5FF7298} = {E888E2D4-A105-4B19-8A53-86DFDA724740}
		{7B891139-1181-40AD-9DDB-5A6CB77C66F2} = {6711B2C7-0746-4A45-8E61-BA235480C06A}
		{3888D8D5-5F58-42A3-8616-FD13E01210EB} = {E888E2D4-A105-4B19-8A53-86DFDA724740}
	EndGlobalSection
	GlobalSection(ExtensibilityGlobals) = postSolution
		SolutionGuid = {3F2B5274-3B0F-4F73-B211-9BD128E1AF56}
	EndGlobalSection
EndGlobal
